<?xml version="1.0" encoding="utf-8"?>
<Project ToolsVersion="4.0" xmlns="http://schemas.microsoft.com/developer/msbuild/2003">
  <ItemGroup>
    <Filter Include="MyLibs">
      <UniqueIdentifier>{e21c9b87-023f-499e-b64f-15814bdaa66b}</UniqueIdentifier>
    </Filter>
    <Filter Include="EmulatorSettings">
      <UniqueIdentifier>{47a48a13-5393-447f-81e6-ff51f04a0b09}</UniqueIdentifier>
    </Filter>
    <Filter Include="GameBoy">
      <UniqueIdentifier>{93995380-89BD-4b04-88EB-625FBE52EBFB}</UniqueIdentifier>
      <Extensions>h;hh;hpp;hxx;h++;hm;inl;inc;ipp;xsd</Extensions>
    </Filter>
    <Filter Include="Main">
      <UniqueIdentifier>{4FC737F1-C7A5-4376-A066-2A32D752A2FF}</UniqueIdentifier>
      <Extensions>cpp;c;cc;cxx;c++;cppm;ixx;def;odl;idl;hpj;bat;asm;asmx</Extensions>
    </Filter>
    <Filter Include="DebugGameBoy">
      <UniqueIdentifier>{9bb2e946-29a8-408a-a409-ace7215e4b61}</UniqueIdentifier>
    </Filter>
  </ItemGroup>
  <ItemGroup>
    <ClCompile Include="main.cpp">
      <Filter>Main</Filter>
    </ClCompile>
    <ClCompile Include="binaryLib.cpp">
      <Filter>MyLibs</Filter>
    </ClCompile>
    <ClCompile Include="GlfwOpenglLib.cpp">
      <Filter>MyLibs</Filter>
    </ClCompile>
    <ClCompile Include="settings.cpp">
      <Filter>EmulatorSettings</Filter>
    </ClCompile>
    <ClCompile Include="Cpu.cpp">
      <Filter>GameBoy</Filter>
    </ClCompile>
    <ClCompile Include="GameBoy.cpp">
      <Filter>GameBoy</Filter>
    </ClCompile>
    <ClCompile Include="Memory.cpp">
      <Filter>GameBoy</Filter>
    </ClCompile>
    <ClCompile Include="Ppu.cpp">
      <Filter>GameBoy</Filter>
    </ClCompile>
    <ClCompile Include="debug.cpp">
      <Filter>DebugGameBoy</Filter>
    </ClCompile>
  </ItemGroup>
  <ItemGroup>
    <ClInclude Include="Cpu.h">
      <Filter>GameBoy</Filter>
    </ClInclude>
    <ClInclude Include="Memory.h">
      <Filter>GameBoy</Filter>
    </ClInclude>
    <ClInclude Include="Ppu.h">
      <Filter>GameBoy</Filter>
    </ClInclude>
    <ClInclude Include="GameBoy.h">
      <Filter>GameBoy</Filter>
    </ClInclude>
    <ClInclude Include="binaryLib.h">
      <Filter>MyLibs</Filter>
    </ClInclude>
    <ClInclude Include="GlfwOpenglLib.h">
      <Filter>MyLibs</Filter>
    </ClInclude>
    <ClInclude Include="settings.h">
      <Filter>EmulatorSettings</Filter>
    </ClInclude>
    <ClInclude Include="debug.h">
      <Filter>DebugGameBoy</Filter>
    </ClInclude>
  </ItemGroup>
</Project>